
Microsoft Visual Studio Solution File, Format Version 12.00
# Visual Studio Version 16
VisualStudioVersion = 16.0.30503.244
MinimumVisualStudioVersion = 10.0.40219.1
Project("{FAE04EC0-301F-11D3-BF4B-00C04F79EFBC}") = "UserMaintenance", "UserMaintenance\UserMaintenance.csproj", "{8D41CEA3-D1DD-49B7-80E5-09167E709C06}"
EndProject
Global
	GlobalSection(SolutionConfigurationPlatforms) = preSolution
		Debug|Any CPU = Debug|Any CPU
		Release|Any CPU = Release|Any CPU
	EndGlobalSection
	GlobalSection(ProjectConfigurationPlatforms) = postSolution
		{8D41CEA3-D1DD-49B7-80E5-09167E709C06}.Debug|Any CPU.ActiveCfg = Debug|Any CPU
		{8D41CEA3-D1DD-49B7-80E5-09167E709C06}.Debug|Any CPU.Build.0 = Debug|Any CPU
		{8D41CEA3-D1DD-49B7-80E5-09167E709C06}.Release|Any CPU.ActiveCfg = Release|Any CPU
		{8D41CEA3-D1DD-49B7-80E5-09167E709C06}.Release|Any CPU.Build.0 = Release|Any CPU
	EndGlobalSection
	GlobalSection(SolutionProperties) = preSolution
		HideSolutionNode = FALSE
	EndGlobalSection
	GlobalSection(ExtensibilityGlobals) = postSolution
		SolutionGuid = {B77ED07E-CEF9-40D6-90AD-6F2AEC732BE5}
	EndGlobalSection
EndGlobal
